
Microsoft Visual Studio Solution File, Format Version 12.00
# Visual Studio 15
VisualStudioVersion = 15.0.27130.2027
MinimumVisualStudioVersion = 10.0.40219.1
Project("{8BC9CEB8-8B4A-11D0-8D11-00A0C91BC942}") = "graphics2", "graphics2\graphics2.vcxproj", "{1BCF64FF-DDC1-44E2-9275-BDDA097ADAB5}"
EndProject
Global
	GlobalSection(SolutionConfigurationPlatforms) = preSolution
		Debug|x64 = Debug|x64
		Debug|x86 = Debug|x86
		Release|x64 = Release|x64
		Release|x86 = Release|x86
	EndGlobalSection
	GlobalSection(ProjectConfigurationPlatforms) = postSolution
		{1BCF64FF-DDC1-44E2-9275-BDDA097ADAB5}.Debug|x64.ActiveCfg = Debug|x64
		{1BCF64FF-DDC1-44E2-9275-BDDA097ADAB5}.Debug|x64.Build.0 = Debug|x64
		{1BCF64FF-DDC1-44E2-9275-BDDA097ADAB5}.Debug|x86.ActiveCfg = Debug|Win32
		{1BCF64FF-DDC1-44E2-9275-BDDA097ADAB5}.Debug|x86.Build.0 = Debug|Win32
		{1BCF64FF-DDC1-44E2-9275-BDDA097ADAB5}.Release|x64.ActiveCfg = Release|x64
		{1BCF64FF-DDC1-44E2-9275-BDDA097ADAB5}.Release|x64.Build.0 = Release|x64
		{1BCF64FF-DDC1-44E2-9275-BDDA097ADAB5}.Release|x86.ActiveCfg = Release|Win32
		{1BCF64FF-DDC1-44E2-9275-BDDA097ADAB5}.Release|x86.Build.0 = Release|Win32
	EndGlobalSection
	GlobalSection(SolutionProperties) = preSolution
		HideSolutionNode = FALSE
	EndGlobalSection
	GlobalSection(ExtensibilityGlobals) = postSolution
		SolutionGuid = {383C4A0A-5950-4A96-8C05-75C019BF8846}
	EndGlobalSection
EndGlobal
